# This file is generated by running "yarn install" inside your project.
# Manual changes might be lost - proceed with caution!

__metadata:
  version: 4
  cacheKey: 8

"@improbable-eng/grpc-web@npm:^0.14.1":
  version: 0.14.1
  resolution: "@improbable-eng/grpc-web@npm:0.14.1"
  dependencies:
    browser-headers: ^0.4.1
  peerDependencies:
    google-protobuf: ^3.14.0
  checksum: 8a3a6efe4ecb855ff636df634723e795ba97aeb2a3e1eeceb0a82086d1e27dfe1495915e09a29af8be4e4bde1fb0fd39b1d0608f3327d26f41d78df72fe77b53
  languageName: node
  linkType: hard

"@pbkit/grpc-web-client@workspace:grpc-web-client":
  version: 0.0.0-use.local
  resolution: "@pbkit/grpc-web-client@workspace:grpc-web-client"
  dependencies:
    "@improbable-eng/grpc-web": ^0.14.1
    "@types/google-protobuf": ^3.15.5
    google-protobuf: ^3.18.0-rc.2
    pbkit: ^0.0.12
  languageName: unknown
  linkType: soft

"@pbkit/npm-packages@workspace:.":
  version: 0.0.0-use.local
  resolution: "@pbkit/npm-packages@workspace:."
  dependencies:
    typescript: ^4.4.3
  languageName: unknown
  linkType: soft

"@types/google-protobuf@npm:^3.15.5":
  version: 3.15.5
  resolution: "@types/google-protobuf@npm:3.15.5"
  checksum: 43f52df3b56fe858ffca6a560cd83bb5b0d4441d11634dcf1f6838fda91629027687650389b9fd8960c18fcf3f530c11f74699b3d11e4fa9db1df4048c76ac40
  languageName: node
  linkType: hard

"browser-headers@npm:^0.4.1":
  version: 0.4.1
  resolution: "browser-headers@npm:0.4.1"
  checksum: 28b927dd90e4882eeb0625cd4a20a8e868f892144bca794a9b027fad9d2094656daf46473cb9084d650590504c581dd6a711146243035b66e75ade61bbe4d3cf
  languageName: node
  linkType: hard

"google-protobuf@npm:^3.18.0-rc.2":
  version: 3.18.0-rc.2
  resolution: "google-protobuf@npm:3.18.0-rc.2"
  checksum: 8db2bc7ac9233a62d9cf04b9a38e8e55810fe409554e1951074627aa6bdf8f172f916eb903e173a263d2f6ad2169bcdba10b5371913d21aac10f2e36552e7322
  languageName: node
  linkType: hard

"pbkit@npm:^0.0.12":
  version: 0.0.12
  resolution: "pbkit@npm:0.0.12"
  checksum: c091edff6c3b6d3d838911c5fc350aea4e636802be66cfd5b2794eaf1cf4868dc9206e7d8089063ce1a188f045d34a88e04cf7b0750a81ccae5ec13588d5bc01
  languageName: node
  linkType: hard

typescript@^4.4.3:
  version: 4.4.3
  resolution: "typescript@npm:4.4.3"
  bin:
    tsc: bin/tsc
    tsserver: bin/tsserver
  checksum: 05823f21796d450531a7e4ab299715d38fd9ded0e4ce7400876053f4b5166ca3dde7a68cecfe72d9086039f03c0b6edba36516fb10ed83c5837d9600532ea4c2
  languageName: node
  linkType: hard

"typescript@patch:typescript@^4.4.3#~builtin<compat/typescript>":
  version: 4.4.3
  resolution: "typescript@patch:typescript@npm%3A4.4.3#~builtin<compat/typescript>::version=4.4.3&hash=32657b"
  bin:
    tsc: bin/tsc
    tsserver: bin/tsserver
  checksum: 28ab98313afab46788ff41014fdb5932430ada6e03cf9e92ac47f406526a2cac1ae2894834e7da61e46b7429318e9c47f45ba8de323332f0cb9af99b72ebae74
  languageName: node
  linkType: hard
